// !$*UTF8*$!
{
	archiveVersion = 1;
	classes = {
	};
	objectVersion = 55;
	objects = {

/* Begin PBXBuildFile section */
		9036D3B327C1317C00015E6A /* DependenciesRegistry.swift in Sources */ = {isa = PBXBuildFile; fileRef = 9036D3B227C1317C00015E6A /* DependenciesRegistry.swift */; };
		9056547727AB3FF200C4469D /* CharacterDetailsViewController.swift in Sources */ = {isa = PBXBuildFile; fileRef = 9056547627AB3FF200C4469D /* CharacterDetailsViewController.swift */; };
		9056548227AF2BF000C4469D /* CredentialsStore.swift in Sources */ = {isa = PBXBuildFile; fileRef = 9056548127AF2BF000C4469D /* CredentialsStore.swift */; };
		905DEA4027BA5D5F0060EFB0 /* Colors.xcassets in Resources */ = {isa = PBXBuildFile; fileRef = 905DEA3F27BA5D5F0060EFB0 /* Colors.xcassets */; };
		905DEA4427BA615E0060EFB0 /* XCAssets+Generated.swift in Sources */ = {isa = PBXBuildFile; fileRef = 905DEA4327BA615E0060EFB0 /* XCAssets+Generated.swift */; };
		905DEA4627BB1BE70060EFB0 /* RecruitButton.swift in Sources */ = {isa = PBXBuildFile; fileRef = 905DEA4527BB1BE70060EFB0 /* RecruitButton.swift */; };
		905DEA4B27BBC76E0060EFB0 /* Localizable.strings in Resources */ = {isa = PBXBuildFile; fileRef = 905DEA4D27BBC76E0060EFB0 /* Localizable.strings */; };
		905DEA5027BBC8D20060EFB0 /* Strings+Generated.swift in Sources */ = {isa = PBXBuildFile; fileRef = 905DEA4F27BBC8D20060EFB0 /* Strings+Generated.swift */; };
		905DEA5227BBD6420060EFB0 /* CharactersListSection.swift in Sources */ = {isa = PBXBuildFile; fileRef = 905DEA5127BBD6420060EFB0 /* CharactersListSection.swift */; };
		9085FBDD27A9CF330042AEE2 /* AppDelegate.swift in Sources */ = {isa = PBXBuildFile; fileRef = 9085FBDC27A9CF330042AEE2 /* AppDelegate.swift */; };
		9085FBDF27A9CF330042AEE2 /* SceneDelegate.swift in Sources */ = {isa = PBXBuildFile; fileRef = 9085FBDE27A9CF330042AEE2 /* SceneDelegate.swift */; };
		9085FBE127A9CF330042AEE2 /* CharactersListViewController.swift in Sources */ = {isa = PBXBuildFile; fileRef = 9085FBE027A9CF330042AEE2 /* CharactersListViewController.swift */; };
		9085FBE627A9CF340042AEE2 /* Images.xcassets in Resources */ = {isa = PBXBuildFile; fileRef = 9085FBE527A9CF340042AEE2 /* Images.xcassets */; };
		9085FBE927A9CF340042AEE2 /* LaunchScreen.storyboard in Resources */ = {isa = PBXBuildFile; fileRef = 9085FBE727A9CF340042AEE2 /* LaunchScreen.storyboard */; };
		9085FBF427A9CF340042AEE2 /* TaskForce_UIKitTests.swift in Sources */ = {isa = PBXBuildFile; fileRef = 9085FBF327A9CF340042AEE2 /* TaskForce_UIKitTests.swift */; };
		9085FBFE27A9CF340042AEE2 /* TaskForce_UIKitUITests.swift in Sources */ = {isa = PBXBuildFile; fileRef = 9085FBFD27A9CF340042AEE2 /* TaskForce_UIKitUITests.swift */; };
		9085FC0027A9CF340042AEE2 /* TaskForce_UIKitUITestsLaunchTests.swift in Sources */ = {isa = PBXBuildFile; fileRef = 9085FBFF27A9CF340042AEE2 /* TaskForce_UIKitUITestsLaunchTests.swift */; };
		90DC453A27B5D85300AF01E7 /* TaskForceCore in Frameworks */ = {isa = PBXBuildFile; productRef = 90DC453927B5D85300AF01E7 /* TaskForceCore */; };
		90DC453C27B8F1D500AF01E7 /* AppModulesFactory.swift in Sources */ = {isa = PBXBuildFile; fileRef = 90DC453B27B8F1D500AF01E7 /* AppModulesFactory.swift */; };
		90DC454027B8F52400AF01E7 /* ImageDownloader in Frameworks */ = {isa = PBXBuildFile; productRef = 90DC453F27B8F52400AF01E7 /* ImageDownloader */; };
		90DC454227B8FA4400AF01E7 /* CharactersListViewModel.swift in Sources */ = {isa = PBXBuildFile; fileRef = 90DC454127B8FA4400AF01E7 /* CharactersListViewModel.swift */; };
		90DC454427B8FA4700AF01E7 /* CharacterDetailsViewModel.swift in Sources */ = {isa = PBXBuildFile; fileRef = 90DC454327B8FA4700AF01E7 /* CharacterDetailsViewModel.swift */; };
		90DC454627B9011900AF01E7 /* SquadMemberCell.swift in Sources */ = {isa = PBXBuildFile; fileRef = 90DC454527B9011900AF01E7 /* SquadMemberCell.swift */; };
		90DC454A27B904CA00AF01E7 /* CharactersListTitleView.swift in Sources */ = {isa = PBXBuildFile; fileRef = 90DC454927B904CA00AF01E7 /* CharactersListTitleView.swift */; };
		90DC454C27B9200100AF01E7 /* CharactersListCellModel.swift in Sources */ = {isa = PBXBuildFile; fileRef = 90DC454B27B9200100AF01E7 /* CharactersListCellModel.swift */; };
		90DC454E27B923ED00AF01E7 /* CharactersListCell.swift in Sources */ = {isa = PBXBuildFile; fileRef = 90DC454D27B923ED00AF01E7 /* CharactersListCell.swift */; };
		90DC454F27B9525200AF01E7 /* Credentials.plist in Resources */ = {isa = PBXBuildFile; fileRef = 9056548327AF2BF300C4469D /* Credentials.plist */; };
		90DC455227B97B4600AF01E7 /* AppFlowController.swift in Sources */ = {isa = PBXBuildFile; fileRef = 90DC455127B97B4600AF01E7 /* AppFlowController.swift */; };
		90DC455427B992BB00AF01E7 /* Routable.swift in Sources */ = {isa = PBXBuildFile; fileRef = 90DC455327B992BB00AF01E7 /* Routable.swift */; };
/* End PBXBuildFile section */

/* Begin PBXContainerItemProxy section */
		9085FBF027A9CF340042AEE2 /* PBXContainerItemProxy */ = {
			isa = PBXContainerItemProxy;
			containerPortal = 9085FB6027A6A4F90042AEE2 /* Project object */;
			proxyType = 1;
			remoteGlobalIDString = 9085FBD927A9CF330042AEE2;
			remoteInfo = "TaskForce-UIKit";
		};
		9085FBFA27A9CF340042AEE2 /* PBXContainerItemProxy */ = {
			isa = PBXContainerItemProxy;
			containerPortal = 9085FB6027A6A4F90042AEE2 /* Project object */;
			proxyType = 1;
			remoteGlobalIDString = 9085FBD927A9CF330042AEE2;
			remoteInfo = "TaskForce-UIKit";
		};
/* End PBXContainerItemProxy section */

/* Begin PBXFileReference section */
		9036D3B227C1317C00015E6A /* DependenciesRegistry.swift */ = {isa = PBXFileReference; lastKnownFileType = sourcecode.swift; path = DependenciesRegistry.swift; sourceTree = "<group>"; };
		9056547627AB3FF200C4469D /* CharacterDetailsViewController.swift */ = {isa = PBXFileReference; lastKnownFileType = sourcecode.swift; path = CharacterDetailsViewController.swift; sourceTree = "<group>"; };
		9056548127AF2BF000C4469D /* CredentialsStore.swift */ = {isa = PBXFileReference; lastKnownFileType = sourcecode.swift; path = CredentialsStore.swift; sourceTree = "<group>"; };
		9056548327AF2BF300C4469D /* Credentials.plist */ = {isa = PBXFileReference; lastKnownFileType = text.plist.xml; path = Credentials.plist; sourceTree = "<group>"; };
		9056548427B1764400C4469D /* ImageDownloader */ = {isa = PBXFileReference; lastKnownFileType = wrapper; path = ImageDownloader; sourceTree = "<group>"; };
		905C9AE827B5D7A700432D12 /* TaskForceCore */ = {isa = PBXFileReference; lastKnownFileType = wrapper; path = TaskForceCore; sourceTree = "<group>"; };
		905DEA3F27BA5D5F0060EFB0 /* Colors.xcassets */ = {isa = PBXFileReference; lastKnownFileType = folder.assetcatalog; path = Colors.xcassets; sourceTree = "<group>"; };
		905DEA4327BA615E0060EFB0 /* XCAssets+Generated.swift */ = {isa = PBXFileReference; fileEncoding = 4; lastKnownFileType = sourcecode.swift; path = "XCAssets+Generated.swift"; sourceTree = "<group>"; };
		905DEA4527BB1BE70060EFB0 /* RecruitButton.swift */ = {isa = PBXFileReference; lastKnownFileType = sourcecode.swift; path = RecruitButton.swift; sourceTree = "<group>"; };
		905DEA4C27BBC76E0060EFB0 /* en */ = {isa = PBXFileReference; lastKnownFileType = text.plist.strings; name = en; path = en.lproj/Localizable.strings; sourceTree = "<group>"; };
		905DEA4E27BBC79B0060EFB0 /* ru */ = {isa = PBXFileReference; lastKnownFileType = text.plist.strings; name = ru; path = ru.lproj/Localizable.strings; sourceTree = "<group>"; };
		905DEA4F27BBC8D20060EFB0 /* Strings+Generated.swift */ = {isa = PBXFileReference; lastKnownFileType = sourcecode.swift; path = "Strings+Generated.swift"; sourceTree = "<group>"; };
		905DEA5127BBD6420060EFB0 /* CharactersListSection.swift */ = {isa = PBXFileReference; lastKnownFileType = sourcecode.swift; path = CharactersListSection.swift; sourceTree = "<group>"; };
		9085FBDA27A9CF330042AEE2 /* TaskForce-UIKit.app */ = {isa = PBXFileReference; explicitFileType = wrapper.application; includeInIndex = 0; path = "TaskForce-UIKit.app"; sourceTree = BUILT_PRODUCTS_DIR; };
		9085FBDC27A9CF330042AEE2 /* AppDelegate.swift */ = {isa = PBXFileReference; lastKnownFileType = sourcecode.swift; path = AppDelegate.swift; sourceTree = "<group>"; };
		9085FBDE27A9CF330042AEE2 /* SceneDelegate.swift */ = {isa = PBXFileReference; lastKnownFileType = sourcecode.swift; path = SceneDelegate.swift; sourceTree = "<group>"; };
		9085FBE027A9CF330042AEE2 /* CharactersListViewController.swift */ = {isa = PBXFileReference; lastKnownFileType = sourcecode.swift; path = CharactersListViewController.swift; sourceTree = "<group>"; };
		9085FBE527A9CF340042AEE2 /* Images.xcassets */ = {isa = PBXFileReference; lastKnownFileType = folder.assetcatalog; path = Images.xcassets; sourceTree = "<group>"; };
		9085FBE827A9CF340042AEE2 /* Base */ = {isa = PBXFileReference; lastKnownFileType = file.storyboard; name = Base; path = Base.lproj/LaunchScreen.storyboard; sourceTree = "<group>"; };
		9085FBEA27A9CF340042AEE2 /* Info.plist */ = {isa = PBXFileReference; lastKnownFileType = text.plist.xml; path = Info.plist; sourceTree = "<group>"; };
		9085FBEF27A9CF340042AEE2 /* TaskForce-UIKitTests.xctest */ = {isa = PBXFileReference; explicitFileType = wrapper.cfbundle; includeInIndex = 0; path = "TaskForce-UIKitTests.xctest"; sourceTree = BUILT_PRODUCTS_DIR; };
		9085FBF327A9CF340042AEE2 /* TaskForce_UIKitTests.swift */ = {isa = PBXFileReference; lastKnownFileType = sourcecode.swift; path = TaskForce_UIKitTests.swift; sourceTree = "<group>"; };
		9085FBF927A9CF340042AEE2 /* TaskForce-UIKitUITests.xctest */ = {isa = PBXFileReference; explicitFileType = wrapper.cfbundle; includeInIndex = 0; path = "TaskForce-UIKitUITests.xctest"; sourceTree = BUILT_PRODUCTS_DIR; };
		9085FBFD27A9CF340042AEE2 /* TaskForce_UIKitUITests.swift */ = {isa = PBXFileReference; lastKnownFileType = sourcecode.swift; path = TaskForce_UIKitUITests.swift; sourceTree = "<group>"; };
		9085FBFF27A9CF340042AEE2 /* TaskForce_UIKitUITestsLaunchTests.swift */ = {isa = PBXFileReference; lastKnownFileType = sourcecode.swift; path = TaskForce_UIKitUITestsLaunchTests.swift; sourceTree = "<group>"; };
		90DC453B27B8F1D500AF01E7 /* AppModulesFactory.swift */ = {isa = PBXFileReference; lastKnownFileType = sourcecode.swift; path = AppModulesFactory.swift; sourceTree = "<group>"; };
		90DC454127B8FA4400AF01E7 /* CharactersListViewModel.swift */ = {isa = PBXFileReference; lastKnownFileType = sourcecode.swift; path = CharactersListViewModel.swift; sourceTree = "<group>"; };
		90DC454327B8FA4700AF01E7 /* CharacterDetailsViewModel.swift */ = {isa = PBXFileReference; lastKnownFileType = sourcecode.swift; path = CharacterDetailsViewModel.swift; sourceTree = "<group>"; };
		90DC454527B9011900AF01E7 /* SquadMemberCell.swift */ = {isa = PBXFileReference; lastKnownFileType = sourcecode.swift; path = SquadMemberCell.swift; sourceTree = "<group>"; };
		90DC454927B904CA00AF01E7 /* CharactersListTitleView.swift */ = {isa = PBXFileReference; lastKnownFileType = sourcecode.swift; path = CharactersListTitleView.swift; sourceTree = "<group>"; };
		90DC454B27B9200100AF01E7 /* CharactersListCellModel.swift */ = {isa = PBXFileReference; lastKnownFileType = sourcecode.swift; path = CharactersListCellModel.swift; sourceTree = "<group>"; };
		90DC454D27B923ED00AF01E7 /* CharactersListCell.swift */ = {isa = PBXFileReference; lastKnownFileType = sourcecode.swift; path = CharactersListCell.swift; sourceTree = "<group>"; };
		90DC455127B97B4600AF01E7 /* AppFlowController.swift */ = {isa = PBXFileReference; lastKnownFileType = sourcecode.swift; path = AppFlowController.swift; sourceTree = "<group>"; };
		90DC455327B992BB00AF01E7 /* Routable.swift */ = {isa = PBXFileReference; lastKnownFileType = sourcecode.swift; path = Routable.swift; sourceTree = "<group>"; };
/* End PBXFileReference section */

/* Begin PBXFrameworksBuildPhase section */
		9085FBD727A9CF330042AEE2 /* Frameworks */ = {
			isa = PBXFrameworksBuildPhase;
			buildActionMask = 2147483647;
			files = (
				90DC453A27B5D85300AF01E7 /* TaskForceCore in Frameworks */,
				90DC454027B8F52400AF01E7 /* ImageDownloader in Frameworks */,
			);
			runOnlyForDeploymentPostprocessing = 0;
		};
		9085FBEC27A9CF340042AEE2 /* Frameworks */ = {
			isa = PBXFrameworksBuildPhase;
			buildActionMask = 2147483647;
			files = (
			);
			runOnlyForDeploymentPostprocessing = 0;
		};
		9085FBF627A9CF340042AEE2 /* Frameworks */ = {
			isa = PBXFrameworksBuildPhase;
			buildActionMask = 2147483647;
			files = (
			);
			runOnlyForDeploymentPostprocessing = 0;
		};
/* End PBXFrameworksBuildPhase section */

/* Begin PBXGroup section */
		9056547127AACDBE00C4469D /* App */ = {
			isa = PBXGroup;
			children = (
				9085FBDC27A9CF330042AEE2 /* AppDelegate.swift */,
				90DC453B27B8F1D500AF01E7 /* AppModulesFactory.swift */,
				90DC455127B97B4600AF01E7 /* AppFlowController.swift */,
				9085FBDE27A9CF330042AEE2 /* SceneDelegate.swift */,
				9056548127AF2BF000C4469D /* CredentialsStore.swift */,
				90DC455327B992BB00AF01E7 /* Routable.swift */,
				9036D3B227C1317C00015E6A /* DependenciesRegistry.swift */,
			);
			path = App;
			sourceTree = "<group>";
		};
		9056547227AACDC900C4469D /* Resources */ = {
			isa = PBXGroup;
			children = (
				9085FBEA27A9CF340042AEE2 /* Info.plist */,
				9056548327AF2BF300C4469D /* Credentials.plist */,
				9085FBE527A9CF340042AEE2 /* Images.xcassets */,
				905DEA3F27BA5D5F0060EFB0 /* Colors.xcassets */,
				9085FBE727A9CF340042AEE2 /* LaunchScreen.storyboard */,
				905DEA4D27BBC76E0060EFB0 /* Localizable.strings */,
			);
			path = Resources;
			sourceTree = "<group>";
		};
		9056547327AACDDE00C4469D /* UserStories */ = {
			isa = PBXGroup;
			children = (
				9056547527AB3FC400C4469D /* CharacterDetails */,
				9056547427AB3FB100C4469D /* CharactersList */,
			);
			path = UserStories;
			sourceTree = "<group>";
		};
		9056547427AB3FB100C4469D /* CharactersList */ = {
			isa = PBXGroup;
			children = (
				905DEA5327BBD6510060EFB0 /* Components */,
				9085FBE027A9CF330042AEE2 /* CharactersListViewController.swift */,
				90DC454127B8FA4400AF01E7 /* CharactersListViewModel.swift */,
			);
			path = CharactersList;
			sourceTree = "<group>";
		};
		9056547527AB3FC400C4469D /* CharacterDetails */ = {
			isa = PBXGroup;
			children = (
				905DEA5427BBD6710060EFB0 /* Components */,
				90DC454327B8FA4700AF01E7 /* CharacterDetailsViewModel.swift */,
				9056547627AB3FF200C4469D /* CharacterDetailsViewController.swift */,
			);
			path = CharacterDetails;
			sourceTree = "<group>";
		};
		9056547C27AC835800C4469D /* Shared */ = {
			isa = PBXGroup;
			children = (
				905C9AE827B5D7A700432D12 /* TaskForceCore */,
				9056548427B1764400C4469D /* ImageDownloader */,
			);
			path = Shared;
			sourceTree = "<group>";
		};
		9056547E27AC862800C4469D /* Frameworks */ = {
			isa = PBXGroup;
			children = (
			);
			name = Frameworks;
			sourceTree = "<group>";
		};
		905DEA4127BA5FB10060EFB0 /* Generated */ = {
			isa = PBXGroup;
			children = (
				905DEA4327BA615E0060EFB0 /* XCAssets+Generated.swift */,
				905DEA4F27BBC8D20060EFB0 /* Strings+Generated.swift */,
			);
			path = Generated;
			sourceTree = "<group>";
		};
		905DEA5327BBD6510060EFB0 /* Components */ = {
			isa = PBXGroup;
			children = (
				90DC454D27B923ED00AF01E7 /* CharactersListCell.swift */,
				90DC454B27B9200100AF01E7 /* CharactersListCellModel.swift */,
				905DEA5127BBD6420060EFB0 /* CharactersListSection.swift */,
				90DC454927B904CA00AF01E7 /* CharactersListTitleView.swift */,
				90DC454527B9011900AF01E7 /* SquadMemberCell.swift */,
			);
			path = Components;
			sourceTree = "<group>";
		};
		905DEA5427BBD6710060EFB0 /* Components */ = {
			isa = PBXGroup;
			children = (
				905DEA4527BB1BE70060EFB0 /* RecruitButton.swift */,
			);
			path = Components;
			sourceTree = "<group>";
		};
		9085FB5F27A6A4F90042AEE2 = {
			isa = PBXGroup;
			children = (
				9056547C27AC835800C4469D /* Shared */,
				9085FBDB27A9CF330042AEE2 /* TaskForce-UIKit */,
				9085FBF227A9CF340042AEE2 /* TaskForce-UIKitTests */,
				9085FBFC27A9CF340042AEE2 /* TaskForce-UIKitUITests */,
				9085FB6927A6A4F90042AEE2 /* Products */,
				9056547E27AC862800C4469D /* Frameworks */,
			);
			sourceTree = "<group>";
		};
		9085FB6927A6A4F90042AEE2 /* Products */ = {
			isa = PBXGroup;
			children = (
				9085FBDA27A9CF330042AEE2 /* TaskForce-UIKit.app */,
				9085FBEF27A9CF340042AEE2 /* TaskForce-UIKitTests.xctest */,
				9085FBF927A9CF340042AEE2 /* TaskForce-UIKitUITests.xctest */,
			);
			name = Products;
			sourceTree = "<group>";
		};
		9085FBDB27A9CF330042AEE2 /* TaskForce-UIKit */ = {
			isa = PBXGroup;
			children = (
				9056547127AACDBE00C4469D /* App */,
				905DEA4127BA5FB10060EFB0 /* Generated */,
				9056547227AACDC900C4469D /* Resources */,
				9056547327AACDDE00C4469D /* UserStories */,
			);
			path = "TaskForce-UIKit";
			sourceTree = "<group>";
		};
		9085FBF227A9CF340042AEE2 /* TaskForce-UIKitTests */ = {
			isa = PBXGroup;
			children = (
				9085FBF327A9CF340042AEE2 /* TaskForce_UIKitTests.swift */,
			);
			path = "TaskForce-UIKitTests";
			sourceTree = "<group>";
		};
		9085FBFC27A9CF340042AEE2 /* TaskForce-UIKitUITests */ = {
			isa = PBXGroup;
			children = (
				9085FBFD27A9CF340042AEE2 /* TaskForce_UIKitUITests.swift */,
				9085FBFF27A9CF340042AEE2 /* TaskForce_UIKitUITestsLaunchTests.swift */,
			);
			path = "TaskForce-UIKitUITests";
			sourceTree = "<group>";
		};
/* End PBXGroup section */

/* Begin PBXNativeTarget section */
		9085FBD927A9CF330042AEE2 /* TaskForce-UIKit */ = {
			isa = PBXNativeTarget;
			buildConfigurationList = 9085FC0127A9CF340042AEE2 /* Build configuration list for PBXNativeTarget "TaskForce-UIKit" */;
			buildPhases = (
				905DEA5527BC52650060EFB0 /* Credentials File Check */,
				905DEA4227BA60F00060EFB0 /* Swiftgen */,
				90DC455527B9B39E00AF01E7 /* Swiftlint */,
				9085FBD627A9CF330042AEE2 /* Sources */,
				9085FBD727A9CF330042AEE2 /* Frameworks */,
				9085FBD827A9CF330042AEE2 /* Resources */,
			);
			buildRules = (
			);
			dependencies = (
			);
			name = "TaskForce-UIKit";
			packageProductDependencies = (
				90DC453927B5D85300AF01E7 /* TaskForceCore */,
				90DC453F27B8F52400AF01E7 /* ImageDownloader */,
			);
			productName = "TaskForce-UIKit";
			productReference = 9085FBDA27A9CF330042AEE2 /* TaskForce-UIKit.app */;
			productType = "com.apple.product-type.application";
		};
		9085FBEE27A9CF340042AEE2 /* TaskForce-UIKitTests */ = {
			isa = PBXNativeTarget;
			buildConfigurationList = 9085FC0427A9CF340042AEE2 /* Build configuration list for PBXNativeTarget "TaskForce-UIKitTests" */;
			buildPhases = (
				9085FBEB27A9CF340042AEE2 /* Sources */,
				9085FBEC27A9CF340042AEE2 /* Frameworks */,
				9085FBED27A9CF340042AEE2 /* Resources */,
			);
			buildRules = (
			);
			dependencies = (
				9085FBF127A9CF340042AEE2 /* PBXTargetDependency */,
			);
			name = "TaskForce-UIKitTests";
			productName = "TaskForce-UIKitTests";
			productReference = 9085FBEF27A9CF340042AEE2 /* TaskForce-UIKitTests.xctest */;
			productType = "com.apple.product-type.bundle.unit-test";
		};
		9085FBF827A9CF340042AEE2 /* TaskForce-UIKitUITests */ = {
			isa = PBXNativeTarget;
			buildConfigurationList = 9085FC0727A9CF340042AEE2 /* Build configuration list for PBXNativeTarget "TaskForce-UIKitUITests" */;
			buildPhases = (
				9085FBF527A9CF340042AEE2 /* Sources */,
				9085FBF627A9CF340042AEE2 /* Frameworks */,
				9085FBF727A9CF340042AEE2 /* Resources */,
			);
			buildRules = (
			);
			dependencies = (
				9085FBFB27A9CF340042AEE2 /* PBXTargetDependency */,
			);
			name = "TaskForce-UIKitUITests";
			productName = "TaskForce-UIKitUITests";
			productReference = 9085FBF927A9CF340042AEE2 /* TaskForce-UIKitUITests.xctest */;
			productType = "com.apple.product-type.bundle.ui-testing";
		};
/* End PBXNativeTarget section */

/* Begin PBXProject section */
		9085FB6027A6A4F90042AEE2 /* Project object */ = {
			isa = PBXProject;
			attributes = {
				BuildIndependentTargetsInParallel = 1;
				LastSwiftUpdateCheck = 1320;
				LastUpgradeCheck = 1320;
				TargetAttributes = {
					9085FBD927A9CF330042AEE2 = {
						CreatedOnToolsVersion = 13.2.1;
					};
					9085FBEE27A9CF340042AEE2 = {
						CreatedOnToolsVersion = 13.2.1;
						TestTargetID = 9085FBD927A9CF330042AEE2;
					};
					9085FBF827A9CF340042AEE2 = {
						CreatedOnToolsVersion = 13.2.1;
						TestTargetID = 9085FBD927A9CF330042AEE2;
					};
				};
			};
			buildConfigurationList = 9085FB6327A6A4F90042AEE2 /* Build configuration list for PBXProject "TaskForce" */;
			compatibilityVersion = "Xcode 13.0";
			developmentRegion = en;
			hasScannedForEncodings = 0;
			knownRegions = (
				en,
				Base,
				ru,
			);
			mainGroup = 9085FB5F27A6A4F90042AEE2;
			productRefGroup = 9085FB6927A6A4F90042AEE2 /* Products */;
			projectDirPath = "";
			projectRoot = "";
			targets = (
				9085FBD927A9CF330042AEE2 /* TaskForce-UIKit */,
				9085FBEE27A9CF340042AEE2 /* TaskForce-UIKitTests */,
				9085FBF827A9CF340042AEE2 /* TaskForce-UIKitUITests */,
			);
		};
/* End PBXProject section */

/* Begin PBXResourcesBuildPhase section */
		9085FBD827A9CF330042AEE2 /* Resources */ = {
			isa = PBXResourcesBuildPhase;
			buildActionMask = 2147483647;
			files = (
				905DEA4B27BBC76E0060EFB0 /* Localizable.strings in Resources */,
				90DC454F27B9525200AF01E7 /* Credentials.plist in Resources */,
				905DEA4027BA5D5F0060EFB0 /* Colors.xcassets in Resources */,
				9085FBE927A9CF340042AEE2 /* LaunchScreen.storyboard in Resources */,
				9085FBE627A9CF340042AEE2 /* Images.xcassets in Resources */,
			);
			runOnlyForDeploymentPostprocessing = 0;
		};
		9085FBED27A9CF340042AEE2 /* Resources */ = {
			isa = PBXResourcesBuildPhase;
			buildActionMask = 2147483647;
			files = (
			);
			runOnlyForDeploymentPostprocessing = 0;
		};
		9085FBF727A9CF340042AEE2 /* Resources */ = {
			isa = PBXResourcesBuildPhase;
			buildActionMask = 2147483647;
			files = (
			);
			runOnlyForDeploymentPostprocessing = 0;
		};
/* End PBXResourcesBuildPhase section */

/* Begin PBXShellScriptBuildPhase section */
		905DEA4227BA60F00060EFB0 /* Swiftgen */ = {
			isa = PBXShellScriptBuildPhase;
			buildActionMask = 2147483647;
			files = (
			);
			inputFileListPaths = (
			);
			inputPaths = (
			);
			name = Swiftgen;
			outputFileListPaths = (
			);
			outputPaths = (
			);
			runOnlyForDeploymentPostprocessing = 0;
			shellPath = /bin/sh;
			shellScript = "export PATH=\"$PATH:/opt/homebrew/bin\"\n\nif which swiftgen >/dev/null; then\n  swiftgen\nelse\n  echo \"warning: SwiftGen not installed, download it from https://github.com/SwiftGen/SwiftGen\"\nfi\n";
		};
		905DEA5527BC52650060EFB0 /* Credentials File Check */ = {
			isa = PBXShellScriptBuildPhase;
			buildActionMask = 2147483647;
			files = (
			);
			inputFileListPaths = (
			);
			inputPaths = (
			);
			name = "Credentials File Check";
			outputFileListPaths = (
			);
			outputPaths = (
			);
			runOnlyForDeploymentPostprocessing = 0;
			shellPath = /bin/sh;
			shellScript = "FILE=TaskForce-UIKit/Resources/Credentials.plist\nif [ ! -f \"$FILE\" ]; then\n    echo \"error: Credentials.plist does not exist.\"\nfi\n";
		};
		90DC455527B9B39E00AF01E7 /* Swiftlint */ = {
			isa = PBXShellScriptBuildPhase;
			buildActionMask = 2147483647;
			files = (
			);
			inputFileListPaths = (
			);
			inputPaths = (
			);
			name = Swiftlint;
			outputFileListPaths = (
			);
			outputPaths = (
			);
			runOnlyForDeploymentPostprocessing = 0;
			shellPath = /bin/sh;
			shellScript = "export PATH=\"$PATH:/opt/homebrew/bin\"\n\nif which swiftlint >/dev/null; then\n  swiftlint --fix && swiftlint\nelse\n  echo \"warning: SwiftLint not installed, download from https://github.com/realm/SwiftLint\"\nfi\n";
		};
/* End PBXShellScriptBuildPhase section */

/* Begin PBXSourcesBuildPhase section */
		9085FBD627A9CF330042AEE2 /* Sources */ = {
			isa = PBXSourcesBuildPhase;
			buildActionMask = 2147483647;
			files = (
				905DEA4427BA615E0060EFB0 /* XCAssets+Generated.swift in Sources */,
				9085FBE127A9CF330042AEE2 /* CharactersListViewController.swift in Sources */,
				90DC455427B992BB00AF01E7 /* Routable.swift in Sources */,
				9036D3B327C1317C00015E6A /* DependenciesRegistry.swift in Sources */,
				90DC454C27B9200100AF01E7 /* CharactersListCellModel.swift in Sources */,
				90DC454427B8FA4700AF01E7 /* CharacterDetailsViewModel.swift in Sources */,
				9056547727AB3FF200C4469D /* CharacterDetailsViewController.swift in Sources */,
				90DC454A27B904CA00AF01E7 /* CharactersListTitleView.swift in Sources */,
				905DEA5227BBD6420060EFB0 /* CharactersListSection.swift in Sources */,
				905DEA4627BB1BE70060EFB0 /* RecruitButton.swift in Sources */,
				90DC454227B8FA4400AF01E7 /* CharactersListViewModel.swift in Sources */,
				90DC455227B97B4600AF01E7 /* AppFlowController.swift in Sources */,
				9056548227AF2BF000C4469D /* CredentialsStore.swift in Sources */,
				905DEA5027BBC8D20060EFB0 /* Strings+Generated.swift in Sources */,
				9085FBDD27A9CF330042AEE2 /* AppDelegate.swift in Sources */,
				90DC454627B9011900AF01E7 /* SquadMemberCell.swift in Sources */,
				90DC453C27B8F1D500AF01E7 /* AppModulesFactory.swift in Sources */,
				90DC454E27B923ED00AF01E7 /* CharactersListCell.swift in Sources */,
				9085FBDF27A9CF330042AEE2 /* SceneDelegate.swift in Sources */,
			);
			runOnlyForDeploymentPostprocessing = 0;
		};
		9085FBEB27A9CF340042AEE2 /* Sources */ = {
			isa = PBXSourcesBuildPhase;
			buildActionMask = 2147483647;
			files = (
				9085FBF427A9CF340042AEE2 /* TaskForce_UIKitTests.swift in Sources */,
			);
			runOnlyForDeploymentPostprocessing = 0;
		};
		9085FBF527A9CF340042AEE2 /* Sources */ = {
			isa = PBXSourcesBuildPhase;
			buildActionMask = 2147483647;
			files = (
				9085FC0027A9CF340042AEE2 /* TaskForce_UIKitUITestsLaunchTests.swift in Sources */,
				9085FBFE27A9CF340042AEE2 /* TaskForce_UIKitUITests.swift in Sources */,
			);
			runOnlyForDeploymentPostprocessing = 0;
		};
/* End PBXSourcesBuildPhase section */

/* Begin PBXTargetDependency section */
		9085FBF127A9CF340042AEE2 /* PBXTargetDependency */ = {
			isa = PBXTargetDependency;
			target = 9085FBD927A9CF330042AEE2 /* TaskForce-UIKit */;
			targetProxy = 9085FBF027A9CF340042AEE2 /* PBXContainerItemProxy */;
		};
		9085FBFB27A9CF340042AEE2 /* PBXTargetDependency */ = {
			isa = PBXTargetDependency;
			target = 9085FBD927A9CF330042AEE2 /* TaskForce-UIKit */;
			targetProxy = 9085FBFA27A9CF340042AEE2 /* PBXContainerItemProxy */;
		};
/* End PBXTargetDependency section */

/* Begin PBXVariantGroup section */
		905DEA4D27BBC76E0060EFB0 /* Localizable.strings */ = {
			isa = PBXVariantGroup;
			children = (
				905DEA4C27BBC76E0060EFB0 /* en */,
				905DEA4E27BBC79B0060EFB0 /* ru */,
			);
			name = Localizable.strings;
			sourceTree = "<group>";
		};
		9085FBE727A9CF340042AEE2 /* LaunchScreen.storyboard */ = {
			isa = PBXVariantGroup;
			children = (
				9085FBE827A9CF340042AEE2 /* Base */,
			);
			name = LaunchScreen.storyboard;
			sourceTree = "<group>";
		};
/* End PBXVariantGroup section */

/* Begin XCBuildConfiguration section */
		9085FB8F27A6A4FA0042AEE2 /* Debug */ = {
			isa = XCBuildConfiguration;
			buildSettings = {
				ALWAYS_SEARCH_USER_PATHS = NO;
				CLANG_ANALYZER_LOCALIZABILITY_NONLOCALIZED = YES;
				CLANG_ANALYZER_NONNULL = YES;
				CLANG_ANALYZER_NUMBER_OBJECT_CONVERSION = YES_AGGRESSIVE;
				CLANG_CXX_LANGUAGE_STANDARD = "gnu++17";
				CLANG_CXX_LIBRARY = "libc++";
				CLANG_ENABLE_MODULES = YES;
				CLANG_ENABLE_OBJC_ARC = YES;
				CLANG_ENABLE_OBJC_WEAK = YES;
				CLANG_WARN_BLOCK_CAPTURE_AUTORELEASING = YES;
				CLANG_WARN_BOOL_CONVERSION = YES;
				CLANG_WARN_COMMA = YES;
				CLANG_WARN_CONSTANT_CONVERSION = YES;
				CLANG_WARN_DEPRECATED_OBJC_IMPLEMENTATIONS = YES;
				CLANG_WARN_DIRECT_OBJC_ISA_USAGE = YES_ERROR;
				CLANG_WARN_DOCUMENTATION_COMMENTS = YES;
				CLANG_WARN_EMPTY_BODY = YES;
				CLANG_WARN_ENUM_CONVERSION = YES;
				CLANG_WARN_INFINITE_RECURSION = YES;
				CLANG_WARN_INT_CONVERSION = YES;
				CLANG_WARN_NON_LITERAL_NULL_CONVERSION = YES;
				CLANG_WARN_OBJC_IMPLICIT_RETAIN_SELF = YES;
				CLANG_WARN_OBJC_LITERAL_CONVERSION = YES;
				CLANG_WARN_OBJC_ROOT_CLASS = YES_ERROR;
				CLANG_WARN_QUOTED_INCLUDE_IN_FRAMEWORK_HEADER = YES;
				CLANG_WARN_RANGE_LOOP_ANALYSIS = YES;
				CLANG_WARN_STRICT_PROTOTYPES = YES;
				CLANG_WARN_SUSPICIOUS_MOVE = YES;
				CLANG_WARN_UNGUARDED_AVAILABILITY = YES_AGGRESSIVE;
				CLANG_WARN_UNREACHABLE_CODE = YES;
				CLANG_WARN__DUPLICATE_METHOD_MATCH = YES;
				COPY_PHASE_STRIP = NO;
				DEBUG_INFORMATION_FORMAT = dwarf;
				ENABLE_STRICT_OBJC_MSGSEND = YES;
				ENABLE_TESTABILITY = YES;
				GCC_C_LANGUAGE_STANDARD = gnu11;
				GCC_DYNAMIC_NO_PIC = NO;
				GCC_NO_COMMON_BLOCKS = YES;
				GCC_OPTIMIZATION_LEVEL = 0;
				GCC_PREPROCESSOR_DEFINITIONS = (
					"DEBUG=1",
					"$(inherited)",
				);
				GCC_WARN_64_TO_32_BIT_CONVERSION = YES;
				GCC_WARN_ABOUT_RETURN_TYPE = YES_ERROR;
				GCC_WARN_UNDECLARED_SELECTOR = YES;
				GCC_WARN_UNINITIALIZED_AUTOS = YES_AGGRESSIVE;
				GCC_WARN_UNUSED_FUNCTION = YES;
				GCC_WARN_UNUSED_VARIABLE = YES;
				IPHONEOS_DEPLOYMENT_TARGET = 14.0;
				MTL_ENABLE_DEBUG_INFO = INCLUDE_SOURCE;
				MTL_FAST_MATH = YES;
				ONLY_ACTIVE_ARCH = YES;
				SDKROOT = iphoneos;
				SWIFT_ACTIVE_COMPILATION_CONDITIONS = DEBUG;
				SWIFT_OPTIMIZATION_LEVEL = "-Onone";
			};
			name = Debug;
		};
		9085FB9027A6A4FA0042AEE2 /* Release */ = {
			isa = XCBuildConfiguration;
			buildSettings = {
				ALWAYS_SEARCH_USER_PATHS = NO;
				CLANG_ANALYZER_LOCALIZABILITY_NONLOCALIZED = YES;
				CLANG_ANALYZER_NONNULL = YES;
				CLANG_ANALYZER_NUMBER_OBJECT_CONVERSION = YES_AGGRESSIVE;
				CLANG_CXX_LANGUAGE_STANDARD = "gnu++17";
				CLANG_CXX_LIBRARY = "libc++";
				CLANG_ENABLE_MODULES = YES;
				CLANG_ENABLE_OBJC_ARC = YES;
				CLANG_ENABLE_OBJC_WEAK = YES;
				CLANG_WARN_BLOCK_CAPTURE_AUTORELEASING = YES;
				CLANG_WARN_BOOL_CONVERSION = YES;
				CLANG_WARN_COMMA = YES;
				CLANG_WARN_CONSTANT_CONVERSION = YES;
				CLANG_WARN_DEPRECATED_OBJC_IMPLEMENTATIONS = YES;
				CLANG_WARN_DIRECT_OBJC_ISA_USAGE = YES_ERROR;
				CLANG_WARN_DOCUMENTATION_COMMENTS = YES;
				CLANG_WARN_EMPTY_BODY = YES;
				CLANG_WARN_ENUM_CONVERSION = YES;
				CLANG_WARN_INFINITE_RECURSION = YES;
				CLANG_WARN_INT_CONVERSION = YES;
				CLANG_WARN_NON_LITERAL_NULL_CONVERSION = YES;
				CLANG_WARN_OBJC_IMPLICIT_RETAIN_SELF = YES;
				CLANG_WARN_OBJC_LITERAL_CONVERSION = YES;
				CLANG_WARN_OBJC_ROOT_CLASS = YES_ERROR;
				CLANG_WARN_QUOTED_INCLUDE_IN_FRAMEWORK_HEADER = YES;
				CLANG_WARN_RANGE_LOOP_ANALYSIS = YES;
				CLANG_WARN_STRICT_PROTOTYPES = YES;
				CLANG_WARN_SUSPICIOUS_MOVE = YES;
				CLANG_WARN_UNGUARDED_AVAILABILITY = YES_AGGRESSIVE;
				CLANG_WARN_UNREACHABLE_CODE = YES;
				CLANG_WARN__DUPLICATE_METHOD_MATCH = YES;
				COPY_PHASE_STRIP = NO;
				DEBUG_INFORMATION_FORMAT = "dwarf-with-dsym";
				ENABLE_NS_ASSERTIONS = NO;
				ENABLE_STRICT_OBJC_MSGSEND = YES;
				GCC_C_LANGUAGE_STANDARD = gnu11;
				GCC_NO_COMMON_BLOCKS = YES;
				GCC_WARN_64_TO_32_BIT_CONVERSION = YES;
				GCC_WARN_ABOUT_RETURN_TYPE = YES_ERROR;
				GCC_WARN_UNDECLARED_SELECTOR = YES;
				GCC_WARN_UNINITIALIZED_AUTOS = YES_AGGRESSIVE;
				GCC_WARN_UNUSED_FUNCTION = YES;
				GCC_WARN_UNUSED_VARIABLE = YES;
				IPHONEOS_DEPLOYMENT_TARGET = 14.0;
				MTL_ENABLE_DEBUG_INFO = NO;
				MTL_FAST_MATH = YES;
				SDKROOT = iphoneos;
				SWIFT_COMPILATION_MODE = wholemodule;
				SWIFT_OPTIMIZATION_LEVEL = "-O";
				VALIDATE_PRODUCT = YES;
			};
			name = Release;
		};
		9085FC0227A9CF340042AEE2 /* Debug */ = {
			isa = XCBuildConfiguration;
			buildSettings = {
				ASSETCATALOG_COMPILER_APPICON_NAME = AppIcon;
				ASSETCATALOG_COMPILER_GLOBAL_ACCENT_COLOR_NAME = AccentColor;
				ASSETCATALOG_COMPILER_INCLUDE_ALL_APPICON_ASSETS = YES;
				CODE_SIGN_STYLE = Automatic;
				CURRENT_PROJECT_VERSION = 1;
				DEVELOPMENT_TEAM = 9W9U2X842Z;
				GENERATE_INFOPLIST_FILE = YES;
				INFOPLIST_FILE = "TaskForce-UIKit/Resources/Info.plist";
				INFOPLIST_KEY_UIApplicationSupportsIndirectInputEvents = YES;
				INFOPLIST_KEY_UILaunchStoryboardName = LaunchScreen;
				INFOPLIST_KEY_UISupportedInterfaceOrientations = UIInterfaceOrientationPortrait;
				INFOPLIST_KEY_UISupportedInterfaceOrientations_iPad = "UIInterfaceOrientationPortrait UIInterfaceOrientationPortraitUpsideDown UIInterfaceOrientationLandscapeLeft UIInterfaceOrientationLandscapeRight";
				INFOPLIST_KEY_UISupportedInterfaceOrientations_iPhone = "UIInterfaceOrientationPortrait UIInterfaceOrientationLandscapeLeft UIInterfaceOrientationLandscapeRight";
				IPHONEOS_DEPLOYMENT_TARGET = 14.0;
				LD_RUNPATH_SEARCH_PATHS = (
					"$(inherited)",
					"@executable_path/Frameworks",
				);
				MARKETING_VERSION = 1.0;
				PRODUCT_BUNDLE_IDENTIFIER = "com.igorkokoev.TaskForce-UIKit";
				PRODUCT_NAME = "$(TARGET_NAME)";
				SWIFT_EMIT_LOC_STRINGS = YES;
				SWIFT_VERSION = 5.0;
				TARGETED_DEVICE_FAMILY = "1,2";
			};
			name = Debug;
		};
		9085FC0327A9CF340042AEE2 /* Release */ = {
			isa = XCBuildConfiguration;
			buildSettings = {
				ASSETCATALOG_COMPILER_APPICON_NAME = AppIcon;
				ASSETCATALOG_COMPILER_GLOBAL_ACCENT_COLOR_NAME = AccentColor;
				ASSETCATALOG_COMPILER_INCLUDE_ALL_APPICON_ASSETS = YES;
				CODE_SIGN_STYLE = Automatic;
				CURRENT_PROJECT_VERSION = 1;
				DEVELOPMENT_TEAM = 9W9U2X842Z;
				GENERATE_INFOPLIST_FILE = YES;
				INFOPLIST_FILE = "TaskForce-UIKit/Resources/Info.plist";
				INFOPLIST_KEY_UIApplicationSupportsIndirectInputEvents = YES;
				INFOPLIST_KEY_UILaunchStoryboardName = LaunchScreen;
				INFOPLIST_KEY_UISupportedInterfaceOrientations = UIInterfaceOrientationPortrait;
				INFOPLIST_KEY_UISupportedInterfaceOrientations_iPad = "UIInterfaceOrientationPortrait UIInterfaceOrientationPortraitUpsideDown UIInterfaceOrientationLandscapeLeft UIInterfaceOrientationLandscapeRight";
				INFOPLIST_KEY_UISupportedInterfaceOrientations_iPhone = "UIInterfaceOrientationPortrait UIInterfaceOrientationLandscapeLeft UIInterfaceOrientationLandscapeRight";
				IPHONEOS_DEPLOYMENT_TARGET = 14.0;
				LD_RUNPATH_SEARCH_PATHS = (
					"$(inherited)",
					"@executable_path/Frameworks",
				);
				MARKETING_VERSION = 1.0;
				PRODUCT_BUNDLE_IDENTIFIER = "com.igorkokoev.TaskForce-UIKit";
				PRODUCT_NAME = "$(TARGET_NAME)";
				SWIFT_EMIT_LOC_STRINGS = YES;
				SWIFT_VERSION = 5.0;
				TARGETED_DEVICE_FAMILY = "1,2";
			};
			name = Release;
		};
		9085FC0527A9CF340042AEE2 /* Debug */ = {
			isa = XCBuildConfiguration;
			buildSettings = {
				ALWAYS_EMBED_SWIFT_STANDARD_LIBRARIES = YES;
				BUNDLE_LOADER = "$(TEST_HOST)";
				CODE_SIGN_STYLE = Automatic;
				CURRENT_PROJECT_VERSION = 1;
				DEVELOPMENT_TEAM = 9W9U2X842Z;
				GENERATE_INFOPLIST_FILE = YES;
				IPHONEOS_DEPLOYMENT_TARGET = 15.2;
				MARKETING_VERSION = 1.0;
				PRODUCT_BUNDLE_IDENTIFIER = "com.igorkokoev.TaskForce-UIKitTests";
				PRODUCT_NAME = "$(TARGET_NAME)";
				SWIFT_EMIT_LOC_STRINGS = NO;
				SWIFT_VERSION = 5.0;
				TARGETED_DEVICE_FAMILY = "1,2";
				TEST_HOST = "$(BUILT_PRODUCTS_DIR)/TaskForce-UIKit.app/TaskForce-UIKit";
			};
			name = Debug;
		};
		9085FC0627A9CF340042AEE2 /* Release */ = {
			isa = XCBuildConfiguration;
			buildSettings = {
				ALWAYS_EMBED_SWIFT_STANDARD_LIBRARIES = YES;
				BUNDLE_LOADER = "$(TEST_HOST)";
				CODE_SIGN_STYLE = Automatic;
				CURRENT_PROJECT_VERSION = 1;
				DEVELOPMENT_TEAM = 9W9U2X842Z;
				GENERATE_INFOPLIST_FILE = YES;
				IPHONEOS_DEPLOYMENT_TARGET = 15.2;
				MARKETING_VERSION = 1.0;
				PRODUCT_BUNDLE_IDENTIFIER = "com.igorkokoev.TaskForce-UIKitTests";
				PRODUCT_NAME = "$(TARGET_NAME)";
				SWIFT_EMIT_LOC_STRINGS = NO;
				SWIFT_VERSION = 5.0;
				TARGETED_DEVICE_FAMILY = "1,2";
				TEST_HOST = "$(BUILT_PRODUCTS_DIR)/TaskForce-UIKit.app/TaskForce-UIKit";
			};
			name = Release;
		};
		9085FC0827A9CF340042AEE2 /* Debug */ = {
			isa = XCBuildConfiguration;
			buildSettings = {
				ALWAYS_EMBED_SWIFT_STANDARD_LIBRARIES = YES;
				CODE_SIGN_STYLE = Automatic;
				CURRENT_PROJECT_VERSION = 1;
				DEVELOPMENT_TEAM = 9W9U2X842Z;
				GENERATE_INFOPLIST_FILE = YES;
				MARKETING_VERSION = 1.0;
				PRODUCT_BUNDLE_IDENTIFIER = "com.igorkokoev.TaskForce-UIKitUITests";
				PRODUCT_NAME = "$(TARGET_NAME)";
				SWIFT_EMIT_LOC_STRINGS = NO;
				SWIFT_VERSION = 5.0;
				TARGETED_DEVICE_FAMILY = "1,2";
				TEST_TARGET_NAME = "TaskForce-UIKit";
			};
			name = Debug;
		};
		9085FC0927A9CF340042AEE2 /* Release */ = {
			isa = XCBuildConfiguration;
			buildSettings = {
				ALWAYS_EMBED_SWIFT_STANDARD_LIBRARIES = YES;
				CODE_SIGN_STYLE = Automatic;
				CURRENT_PROJECT_VERSION = 1;
				DEVELOPMENT_TEAM = 9W9U2X842Z;
				GENERATE_INFOPLIST_FILE = YES;
				MARKETING_VERSION = 1.0;
				PRODUCT_BUNDLE_IDENTIFIER = "com.igorkokoev.TaskForce-UIKitUITests";
				PRODUCT_NAME = "$(TARGET_NAME)";
				SWIFT_EMIT_LOC_STRINGS = NO;
				SWIFT_VERSION = 5.0;
				TARGETED_DEVICE_FAMILY = "1,2";
				TEST_TARGET_NAME = "TaskForce-UIKit";
			};
			name = Release;
		};
/* End XCBuildConfiguration section */

/* Begin XCConfigurationList section */
		9085FB6327A6A4F90042AEE2 /* Build configuration list for PBXProject "TaskForce" */ = {
			isa = XCConfigurationList;
			buildConfigurations = (
				9085FB8F27A6A4FA0042AEE2 /* Debug */,
				9085FB9027A6A4FA0042AEE2 /* Release */,
			);
			defaultConfigurationIsVisible = 0;
			defaultConfigurationName = Release;
		};
		9085FC0127A9CF340042AEE2 /* Build configuration list for PBXNativeTarget "TaskForce-UIKit" */ = {
			isa = XCConfigurationList;
			buildConfigurations = (
				9085FC0227A9CF340042AEE2 /* Debug */,
				9085FC0327A9CF340042AEE2 /* Release */,
			);
			defaultConfigurationIsVisible = 0;
			defaultConfigurationName = Release;
		};
		9085FC0427A9CF340042AEE2 /* Build configuration list for PBXNativeTarget "TaskForce-UIKitTests" */ = {
			isa = XCConfigurationList;
			buildConfigurations = (
				9085FC0527A9CF340042AEE2 /* Debug */,
				9085FC0627A9CF340042AEE2 /* Release */,
			);
			defaultConfigurationIsVisible = 0;
			defaultConfigurationName = Release;
		};
		9085FC0727A9CF340042AEE2 /* Build configuration list for PBXNativeTarget "TaskForce-UIKitUITests" */ = {
			isa = XCConfigurationList;
			buildConfigurations = (
				9085FC0827A9CF340042AEE2 /* Debug */,
				9085FC0927A9CF340042AEE2 /* Release */,
			);
			defaultConfigurationIsVisible = 0;
			defaultConfigurationName = Release;
		};
/* End XCConfigurationList section */

/* Begin XCSwiftPackageProductDependency section */
		90DC453927B5D85300AF01E7 /* TaskForceCore */ = {
			isa = XCSwiftPackageProductDependency;
			productName = TaskForceCore;
		};
		90DC453F27B8F52400AF01E7 /* ImageDownloader */ = {
			isa = XCSwiftPackageProductDependency;
			productName = ImageDownloader;
		};
/* End XCSwiftPackageProductDependency section */
	};
	rootObject = 9085FB6027A6A4F90042AEE2 /* Project object */;
}
